// !$*UTF8*$!
{
	archiveVersion = 1;
	classes = {
	};
	objectVersion = 56;
	objects = {

/* Begin PBXBuildFile section */
		C885DAFE2C07C88E00EB8DC2 /* SettingsSheetView.swift in Sources */ = {isa = PBXBuildFile; fileRef = C885DAFD2C07C88E00EB8DC2 /* SettingsSheetView.swift */; };
		C896865A2C0720E5009AC8DC /* Persistence.swift in Sources */ = {isa = PBXBuildFile; fileRef = C89686592C0720E5009AC8DC /* Persistence.swift */; };
		C896865D2C07211E009AC8DC /* bondify.xcdatamodeld in Sources */ = {isa = PBXBuildFile; fileRef = C896865B2C07211E009AC8DC /* bondify.xcdatamodeld */; };
		C89686602C072227009AC8DC /* Tab.swift in Sources */ = {isa = PBXBuildFile; fileRef = C896865F2C072227009AC8DC /* Tab.swift */; };
		C89686622C0723A9009AC8DC /* Item.swift in Sources */ = {isa = PBXBuildFile; fileRef = C89686612C0723A9009AC8DC /* Item.swift */; };
		C89686652C072451009AC8DC /* ContentViewModel.swift in Sources */ = {isa = PBXBuildFile; fileRef = C89686642C072451009AC8DC /* ContentViewModel.swift */; };
		C89686682C072811009AC8DC /* TabSheetView.swift in Sources */ = {isa = PBXBuildFile; fileRef = C89686672C072811009AC8DC /* TabSheetView.swift */; };
		C896866A2C074FDD009AC8DC /* ItemSheetView.swift in Sources */ = {isa = PBXBuildFile; fileRef = C89686692C074FDD009AC8DC /* ItemSheetView.swift */; };
		C8C771722BFCAB8B00E5A3DC /* BondifyApp.swift in Sources */ = {isa = PBXBuildFile; fileRef = C8C771712BFCAB8B00E5A3DC /* BondifyApp.swift */; };
		C8C771742BFCAB8B00E5A3DC /* ContentView.swift in Sources */ = {isa = PBXBuildFile; fileRef = C8C771732BFCAB8B00E5A3DC /* ContentView.swift */; };
		C8C771762BFCAB8C00E5A3DC /* Assets.xcassets in Resources */ = {isa = PBXBuildFile; fileRef = C8C771752BFCAB8C00E5A3DC /* Assets.xcassets */; };
		C8C771792BFCAB8C00E5A3DC /* Preview Assets.xcassets in Resources */ = {isa = PBXBuildFile; fileRef = C8C771782BFCAB8C00E5A3DC /* Preview Assets.xcassets */; };
		C8C771802BFCB0C600E5A3DC /* TabDetailView.swift in Sources */ = {isa = PBXBuildFile; fileRef = C8C7717F2BFCB0C600E5A3DC /* TabDetailView.swift */; };
/* End PBXBuildFile section */

/* Begin PBXFileReference section */
		C885DAFD2C07C88E00EB8DC2 /* SettingsSheetView.swift */ = {isa = PBXFileReference; lastKnownFileType = sourcecode.swift; path = SettingsSheetView.swift; sourceTree = "<group>"; };
		C89686592C0720E5009AC8DC /* Persistence.swift */ = {isa = PBXFileReference; lastKnownFileType = sourcecode.swift; path = Persistence.swift; sourceTree = "<group>"; };
		C896865C2C07211E009AC8DC /* bondify.xcdatamodel */ = {isa = PBXFileReference; lastKnownFileType = wrapper.xcdatamodel; path = bondify.xcdatamodel; sourceTree = "<group>"; };
		C896865F2C072227009AC8DC /* Tab.swift */ = {isa = PBXFileReference; lastKnownFileType = sourcecode.swift; path = Tab.swift; sourceTree = "<group>"; };
		C89686612C0723A9009AC8DC /* Item.swift */ = {isa = PBXFileReference; lastKnownFileType = sourcecode.swift; path = Item.swift; sourceTree = "<group>"; };
		C89686642C072451009AC8DC /* ContentViewModel.swift */ = {isa = PBXFileReference; lastKnownFileType = sourcecode.swift; path = ContentViewModel.swift; sourceTree = "<group>"; };
		C89686662C0726F1009AC8DC /* Bondify.entitlements */ = {isa = PBXFileReference; lastKnownFileType = text.plist.entitlements; path = Bondify.entitlements; sourceTree = "<group>"; };
		C89686672C072811009AC8DC /* TabSheetView.swift */ = {isa = PBXFileReference; lastKnownFileType = sourcecode.swift; path = TabSheetView.swift; sourceTree = "<group>"; };
		C89686692C074FDD009AC8DC /* ItemSheetView.swift */ = {isa = PBXFileReference; lastKnownFileType = sourcecode.swift; path = ItemSheetView.swift; sourceTree = "<group>"; };
		C8C7716E2BFCAB8B00E5A3DC /* Bondify.app */ = {isa = PBXFileReference; explicitFileType = wrapper.application; includeInIndex = 0; path = Bondify.app; sourceTree = BUILT_PRODUCTS_DIR; };
		C8C771712BFCAB8B00E5A3DC /* BondifyApp.swift */ = {isa = PBXFileReference; lastKnownFileType = sourcecode.swift; path = BondifyApp.swift; sourceTree = "<group>"; };
		C8C771732BFCAB8B00E5A3DC /* ContentView.swift */ = {isa = PBXFileReference; lastKnownFileType = sourcecode.swift; path = ContentView.swift; sourceTree = "<group>"; };
		C8C771752BFCAB8C00E5A3DC /* Assets.xcassets */ = {isa = PBXFileReference; lastKnownFileType = folder.assetcatalog; path = Assets.xcassets; sourceTree = "<group>"; };
		C8C771782BFCAB8C00E5A3DC /* Preview Assets.xcassets */ = {isa = PBXFileReference; lastKnownFileType = folder.assetcatalog; path = "Preview Assets.xcassets"; sourceTree = "<group>"; };
		C8C7717F2BFCB0C600E5A3DC /* TabDetailView.swift */ = {isa = PBXFileReference; lastKnownFileType = sourcecode.swift; path = TabDetailView.swift; sourceTree = "<group>"; };
/* End PBXFileReference section */

/* Begin PBXFrameworksBuildPhase section */
		C8C7716B2BFCAB8B00E5A3DC /* Frameworks */ = {
			isa = PBXFrameworksBuildPhase;
			buildActionMask = 2147483647;
			files = (
			);
			runOnlyForDeploymentPostprocessing = 0;
		};
/* End PBXFrameworksBuildPhase section */

/* Begin PBXGroup section */
		C885DAFF2C07CC6800EB8DC2 /* View */ = {
			isa = PBXGroup;
			children = (
				C8C771732BFCAB8B00E5A3DC /* ContentView.swift */,
				C8C7717F2BFCB0C600E5A3DC /* TabDetailView.swift */,
				C89686672C072811009AC8DC /* TabSheetView.swift */,
				C89686692C074FDD009AC8DC /* ItemSheetView.swift */,
				C885DAFD2C07C88E00EB8DC2 /* SettingsSheetView.swift */,
			);
			path = View;
			sourceTree = "<group>";
		};
		C885DB002C07CC8000EB8DC2 /* App */ = {
			isa = PBXGroup;
			children = (
				C8C771752BFCAB8C00E5A3DC /* Assets.xcassets */,
				C8C771712BFCAB8B00E5A3DC /* BondifyApp.swift */,
			);
			path = App;
			sourceTree = "<group>";
		};
		C896865E2C07221D009AC8DC /* Model */ = {
			isa = PBXGroup;
			children = (
				C89686642C072451009AC8DC /* ContentViewModel.swift */,
				C89686592C0720E5009AC8DC /* Persistence.swift */,
				C896865B2C07211E009AC8DC /* bondify.xcdatamodeld */,
				C896865F2C072227009AC8DC /* Tab.swift */,
				C89686612C0723A9009AC8DC /* Item.swift */,
			);
			path = Model;
			sourceTree = "<group>";
		};
		C8C771652BFCAB8B00E5A3DC = {
			isa = PBXGroup;
			children = (
				C8C771702BFCAB8B00E5A3DC /* Bondify */,
				C8C7716F2BFCAB8B00E5A3DC /* Products */,
			);
			sourceTree = "<group>";
		};
		C8C7716F2BFCAB8B00E5A3DC /* Products */ = {
			isa = PBXGroup;
			children = (
				C8C7716E2BFCAB8B00E5A3DC /* Bondify.app */,
			);
			name = Products;
			sourceTree = "<group>";
		};
		C8C771702BFCAB8B00E5A3DC /* Bondify */ = {
			isa = PBXGroup;
			children = (
				C885DB002C07CC8000EB8DC2 /* App */,
				C885DAFF2C07CC6800EB8DC2 /* View */,
				C896865E2C07221D009AC8DC /* Model */,
				C89686662C0726F1009AC8DC /* Bondify.entitlements */,
				C8C771772BFCAB8C00E5A3DC /* Preview Content */,
			);
			path = Bondify;
			sourceTree = "<group>";
		};
		C8C771772BFCAB8C00E5A3DC /* Preview Content */ = {
			isa = PBXGroup;
			children = (
				C8C771782BFCAB8C00E5A3DC /* Preview Assets.xcassets */,
			);
			path = "Preview Content";
			sourceTree = "<group>";
		};
/* End PBXGroup section */

/* Begin PBXNativeTarget section */
		C8C7716D2BFCAB8B00E5A3DC /* Bondify */ = {
			isa = PBXNativeTarget;
			buildConfigurationList = C8C7717C2BFCAB8C00E5A3DC /* Build configuration list for PBXNativeTarget "Bondify" */;
			buildPhases = (
				C8C7716A2BFCAB8B00E5A3DC /* Sources */,
				C8C7716B2BFCAB8B00E5A3DC /* Frameworks */,
				C8C7716C2BFCAB8B00E5A3DC /* Resources */,
			);
			buildRules = (
			);
			dependencies = (
			);
			name = Bondify;
			productName = Bondify;
			productReference = C8C7716E2BFCAB8B00E5A3DC /* Bondify.app */;
			productType = "com.apple.product-type.application";
		};
/* End PBXNativeTarget section */

/* Begin PBXProject section */
		C8C771662BFCAB8B00E5A3DC /* Project object */ = {
			isa = PBXProject;
			attributes = {
				BuildIndependentTargetsInParallel = 1;
				LastSwiftUpdateCheck = 1540;
				LastUpgradeCheck = 1540;
				TargetAttributes = {
					C8C7716D2BFCAB8B00E5A3DC = {
						CreatedOnToolsVersion = 15.4;
					};
				};
			};
			buildConfigurationList = C8C771692BFCAB8B00E5A3DC /* Build configuration list for PBXProject "Bondify" */;
			compatibilityVersion = "Xcode 14.0";
			developmentRegion = en;
			hasScannedForEncodings = 0;
			knownRegions = (
				en,
				Base,
			);
			mainGroup = C8C771652BFCAB8B00E5A3DC;
			productRefGroup = C8C7716F2BFCAB8B00E5A3DC /* Products */;
			projectDirPath = "";
			projectRoot = "";
			targets = (
				C8C7716D2BFCAB8B00E5A3DC /* Bondify */,
			);
		};
/* End PBXProject section */

/* Begin PBXResourcesBuildPhase section */
		C8C7716C2BFCAB8B00E5A3DC /* Resources */ = {
			isa = PBXResourcesBuildPhase;
			buildActionMask = 2147483647;
			files = (
				C8C771792BFCAB8C00E5A3DC /* Preview Assets.xcassets in Resources */,
				C8C771762BFCAB8C00E5A3DC /* Assets.xcassets in Resources */,
			);
			runOnlyForDeploymentPostprocessing = 0;
		};
/* End PBXResourcesBuildPhase section */

/* Begin PBXSourcesBuildPhase section */
		C8C7716A2BFCAB8B00E5A3DC /* Sources */ = {
			isa = PBXSourcesBuildPhase;
			buildActionMask = 2147483647;
			files = (
				C89686652C072451009AC8DC /* ContentViewModel.swift in Sources */,
				C8C771742BFCAB8B00E5A3DC /* ContentView.swift in Sources */,
				C896865A2C0720E5009AC8DC /* Persistence.swift in Sources */,
				C8C771802BFCB0C600E5A3DC /* TabDetailView.swift in Sources */,
				C89686602C072227009AC8DC /* Tab.swift in Sources */,
				C89686682C072811009AC8DC /* TabSheetView.swift in Sources */,
				C89686622C0723A9009AC8DC /* Item.swift in Sources */,
				C896865D2C07211E009AC8DC /* bondify.xcdatamodeld in Sources */,
				C8C771722BFCAB8B00E5A3DC /* BondifyApp.swift in Sources */,
				C885DAFE2C07C88E00EB8DC2 /* SettingsSheetView.swift in Sources */,
				C896866A2C074FDD009AC8DC /* ItemSheetView.swift in Sources */,
			);
			runOnlyForDeploymentPostprocessing = 0;
		};
/* End PBXSourcesBuildPhase section */

/* Begin XCBuildConfiguration section */
		C8C7717A2BFCAB8C00E5A3DC /* Debug */ = {
			isa = XCBuildConfiguration;
			buildSettings = {
				ALWAYS_SEARCH_USER_PATHS = NO;
				ASSETCATALOG_COMPILER_GENERATE_SWIFT_ASSET_SYMBOL_EXTENSIONS = YES;
				CLANG_ANALYZER_NONNULL = YES;
				CLANG_ANALYZER_NUMBER_OBJECT_CONVERSION = YES_AGGRESSIVE;
				CLANG_CXX_LANGUAGE_STANDARD = "gnu++20";
				CLANG_ENABLE_MODULES = YES;
				CLANG_ENABLE_OBJC_ARC = YES;
				CLANG_ENABLE_OBJC_WEAK = YES;
				CLANG_WARN_BLOCK_CAPTURE_AUTORELEASING = YES;
				CLANG_WARN_BOOL_CONVERSION = YES;
				CLANG_WARN_COMMA = YES;
				CLANG_WARN_CONSTANT_CONVERSION = YES;
				CLANG_WARN_DEPRECATED_OBJC_IMPLEMENTATIONS = YES;
				CLANG_WARN_DIRECT_OBJC_ISA_USAGE = YES_ERROR;
				CLANG_WARN_DOCUMENTATION_COMMENTS = YES;
				CLANG_WARN_EMPTY_BODY = YES;
				CLANG_WARN_ENUM_CONVERSION = YES;
				CLANG_WARN_INFINITE_RECURSION = YES;
				CLANG_WARN_INT_CONVERSION = YES;
				CLANG_WARN_NON_LITERAL_NULL_CONVERSION = YES;
				CLANG_WARN_OBJC_IMPLICIT_RETAIN_SELF = YES;
				CLANG_WARN_OBJC_LITERAL_CONVERSION = YES;
				CLANG_WARN_OBJC_ROOT_CLASS = YES_ERROR;
				CLANG_WARN_QUOTED_INCLUDE_IN_FRAMEWORK_HEADER = YES;
				CLANG_WARN_RANGE_LOOP_ANALYSIS = YES;
				CLANG_WARN_STRICT_PROTOTYPES = YES;
				CLANG_WARN_SUSPICIOUS_MOVE = YES;
				CLANG_WARN_UNGUARDED_AVAILABILITY = YES_AGGRESSIVE;
				CLANG_WARN_UNREACHABLE_CODE = YES;
				CLANG_WARN__DUPLICATE_METHOD_MATCH = YES;
				COPY_PHASE_STRIP = NO;
				DEBUG_INFORMATION_FORMAT = dwarf;
				ENABLE_STRICT_OBJC_MSGSEND = YES;
				ENABLE_TESTABILITY = YES;
				ENABLE_USER_SCRIPT_SANDBOXING = YES;
				GCC_C_LANGUAGE_STANDARD = gnu17;
				GCC_DYNAMIC_NO_PIC = NO;
				GCC_NO_COMMON_BLOCKS = YES;
				GCC_OPTIMIZATION_LEVEL = 0;
				GCC_PREPROCESSOR_DEFINITIONS = (
					"DEBUG=1",
					"$(inherited)",
				);
				GCC_WARN_64_TO_32_BIT_CONVERSION = YES;
				GCC_WARN_ABOUT_RETURN_TYPE = YES_ERROR;
				GCC_WARN_UNDECLARED_SELECTOR = YES;
				GCC_WARN_UNINITIALIZED_AUTOS = YES_AGGRESSIVE;
				GCC_WARN_UNUSED_FUNCTION = YES;
				GCC_WARN_UNUSED_VARIABLE = YES;
				IPHONEOS_DEPLOYMENT_TARGET = 17.5;
				LOCALIZATION_PREFERS_STRING_CATALOGS = YES;
				MTL_ENABLE_DEBUG_INFO = INCLUDE_SOURCE;
				MTL_FAST_MATH = YES;
				ONLY_ACTIVE_ARCH = YES;
				SDKROOT = iphoneos;
				SWIFT_ACTIVE_COMPILATION_CONDITIONS = "DEBUG $(inherited)";
				SWIFT_OPTIMIZATION_LEVEL = "-Onone";
			};
			name = Debug;
		};
		C8C7717B2BFCAB8C00E5A3DC /* Release */ = {
			isa = XCBuildConfiguration;
			buildSettings = {
				ALWAYS_SEARCH_USER_PATHS = NO;
				ASSETCATALOG_COMPILER_GENERATE_SWIFT_ASSET_SYMBOL_EXTENSIONS = YES;
				CLANG_ANALYZER_NONNULL = YES;
				CLANG_ANALYZER_NUMBER_OBJECT_CONVERSION = YES_AGGRESSIVE;
				CLANG_CXX_LANGUAGE_STANDARD = "gnu++20";
				CLANG_ENABLE_MODULES = YES;
				CLANG_ENABLE_OBJC_ARC = YES;
				CLANG_ENABLE_OBJC_WEAK = YES;
				CLANG_WARN_BLOCK_CAPTURE_AUTORELEASING = YES;
				CLANG_WARN_BOOL_CONVERSION = YES;
				CLANG_WARN_COMMA = YES;
				CLANG_WARN_CONSTANT_CONVERSION = YES;
				CLANG_WARN_DEPRECATED_OBJC_IMPLEMENTATIONS = YES;
				CLANG_WARN_DIRECT_OBJC_ISA_USAGE = YES_ERROR;
				CLANG_WARN_DOCUMENTATION_COMMENTS = YES;
				CLANG_WARN_EMPTY_BODY = YES;
				CLANG_WARN_ENUM_CONVERSION = YES;
				CLANG_WARN_INFINITE_RECURSION = YES;
				CLANG_WARN_INT_CONVERSION = YES;
				CLANG_WARN_NON_LITERAL_NULL_CONVERSION = YES;
				CLANG_WARN_OBJC_IMPLICIT_RETAIN_SELF = YES;
				CLANG_WARN_OBJC_LITERAL_CONVERSION = YES;
				CLANG_WARN_OBJC_ROOT_CLASS = YES_ERROR;
				CLANG_WARN_QUOTED_INCLUDE_IN_FRAMEWORK_HEADER = YES;
				CLANG_WARN_RANGE_LOOP_ANALYSIS = YES;
				CLANG_WARN_STRICT_PROTOTYPES = YES;
				CLANG_WARN_SUSPICIOUS_MOVE = YES;
				CLANG_WARN_UNGUARDED_AVAILABILITY = YES_AGGRESSIVE;
				CLANG_WARN_UNREACHABLE_CODE = YES;
				CLANG_WARN__DUPLICATE_METHOD_MATCH = YES;
				COPY_PHASE_STRIP = NO;
				DEBUG_INFORMATION_FORMAT = "dwarf-with-dsym";
				ENABLE_NS_ASSERTIONS = NO;
				ENABLE_STRICT_OBJC_MSGSEND = YES;
				ENABLE_USER_SCRIPT_SANDBOXING = YES;
				GCC_C_LANGUAGE_STANDARD = gnu17;
				GCC_NO_COMMON_BLOCKS = YES;
				GCC_WARN_64_TO_32_BIT_CONVERSION = YES;
				GCC_WARN_ABOUT_RETURN_TYPE = YES_ERROR;
				GCC_WARN_UNDECLARED_SELECTOR = YES;
				GCC_WARN_UNINITIALIZED_AUTOS = YES_AGGRESSIVE;
				GCC_WARN_UNUSED_FUNCTION = YES;
				GCC_WARN_UNUSED_VARIABLE = YES;
				IPHONEOS_DEPLOYMENT_TARGET = 17.5;
				LOCALIZATION_PREFERS_STRING_CATALOGS = YES;
				MTL_ENABLE_DEBUG_INFO = NO;
				MTL_FAST_MATH = YES;
				SDKROOT = iphoneos;
				SWIFT_COMPILATION_MODE = wholemodule;
				VALIDATE_PRODUCT = YES;
			};
			name = Release;
		};
		C8C7717D2BFCAB8C00E5A3DC /* Debug */ = {
			isa = XCBuildConfiguration;
			buildSettings = {
				ASSETCATALOG_COMPILER_APPICON_NAME = AppIcon;
				ASSETCATALOG_COMPILER_GLOBAL_ACCENT_COLOR_NAME = AccentColor;
				CODE_SIGN_ENTITLEMENTS = Bondify/Bondify.entitlements;
				CODE_SIGN_STYLE = Automatic;
				CURRENT_PROJECT_VERSION = 1;
				DEVELOPMENT_ASSET_PATHS = "\"Bondify/Preview Content\"";
				DEVELOPMENT_TEAM = 7AGNJTPT6V;
				ENABLE_PREVIEWS = YES;
				GENERATE_INFOPLIST_FILE = YES;
				INFOPLIST_KEY_UIApplicationSceneManifest_Generation = YES;
				INFOPLIST_KEY_UIApplicationSupportsIndirectInputEvents = YES;
				INFOPLIST_KEY_UILaunchScreen_Generation = YES;
				INFOPLIST_KEY_UISupportedInterfaceOrientations_iPad = "UIInterfaceOrientationPortrait UIInterfaceOrientationPortraitUpsideDown UIInterfaceOrientationLandscapeLeft UIInterfaceOrientationLandscapeRight";
				INFOPLIST_KEY_UISupportedInterfaceOrientations_iPhone = "UIInterfaceOrientationPortrait UIInterfaceOrientationLandscapeLeft UIInterfaceOrientationLandscapeRight";
				LD_RUNPATH_SEARCH_PATHS = (
					"$(inherited)",
					"@executable_path/Frameworks",
				);
				MARKETING_VERSION = 1.0;
				PRODUCT_BUNDLE_IDENTIFIER = com.kubamilcarz.Bondify;
				PRODUCT_NAME = "$(TARGET_NAME)";
				SWIFT_EMIT_LOC_STRINGS = YES;
				SWIFT_VERSION = 5.0;
				TARGETED_DEVICE_FAMILY = "1,2";
			};
			name = Debug;
		};
		C8C7717E2BFCAB8C00E5A3DC /* Release */ = {
			isa = XCBuildConfiguration;
			buildSettings = {
				ASSETCATALOG_COMPILER_APPICON_NAME = AppIcon;
				ASSETCATALOG_COMPILER_GLOBAL_ACCENT_COLOR_NAME = AccentColor;
				CODE_SIGN_ENTITLEMENTS = Bondify/Bondify.entitlements;
				CODE_SIGN_STYLE = Automatic;
				CURRENT_PROJECT_VERSION = 1;
				DEVELOPMENT_ASSET_PATHS = "\"Bondify/Preview Content\"";
				DEVELOPMENT_TEAM = 7AGNJTPT6V;
				ENABLE_PREVIEWS = YES;
				GENERATE_INFOPLIST_FILE = YES;
				INFOPLIST_KEY_UIApplicationSceneManifest_Generation = YES;
				INFOPLIST_KEY_UIApplicationSupportsIndirectInputEvents = YES;
				INFOPLIST_KEY_UILaunchScreen_Generation = YES;
				INFOPLIST_KEY_UISupportedInterfaceOrientations_iPad = "UIInterfaceOrientationPortrait UIInterfaceOrientationPortraitUpsideDown UIInterfaceOrientationLandscapeLeft UIInterfaceOrientationLandscapeRight";
				INFOPLIST_KEY_UISupportedInterfaceOrientations_iPhone = "UIInterfaceOrientationPortrait UIInterfaceOrientationLandscapeLeft UIInterfaceOrientationLandscapeRight";
				LD_RUNPATH_SEARCH_PATHS = (
					"$(inherited)",
					"@executable_path/Frameworks",
				);
				MARKETING_VERSION = 1.0;
				PRODUCT_BUNDLE_IDENTIFIER = com.kubamilcarz.Bondify;
				PRODUCT_NAME = "$(TARGET_NAME)";
				SWIFT_EMIT_LOC_STRINGS = YES;
				SWIFT_VERSION = 5.0;
				TARGETED_DEVICE_FAMILY = "1,2";
			};
			name = Release;
		};
/* End XCBuildConfiguration section */

/* Begin XCConfigurationList section */
		C8C771692BFCAB8B00E5A3DC /* Build configuration list for PBXProject "Bondify" */ = {
			isa = XCConfigurationList;
			buildConfigurations = (
				C8C7717A2BFCAB8C00E5A3DC /* Debug */,
				C8C7717B2BFCAB8C00E5A3DC /* Release */,
			);
			defaultConfigurationIsVisible = 0;
			defaultConfigurationName = Release;
		};
		C8C7717C2BFCAB8C00E5A3DC /* Build configuration list for PBXNativeTarget "Bondify" */ = {
			isa = XCConfigurationList;
			buildConfigurations = (
				C8C7717D2BFCAB8C00E5A3DC /* Debug */,
				C8C7717E2BFCAB8C00E5A3DC /* Release */,
			);
			defaultConfigurationIsVisible = 0;
			defaultConfigurationName = Release;
		};
/* End XCConfigurationList section */

/* Begin XCVersionGroup section */
		C896865B2C07211E009AC8DC /* bondify.xcdatamodeld */ = {
			isa = XCVersionGroup;
			children = (
				C896865C2C07211E009AC8DC /* bondify.xcdatamodel */,
			);
			currentVersion = C896865C2C07211E009AC8DC /* bondify.xcdatamodel */;
			path = bondify.xcdatamodeld;
			sourceTree = "<group>";
			versionGroupType = wrapper.xcdatamodel;
		};
/* End XCVersionGroup section */
	};
	rootObject = C8C771662BFCAB8B00E5A3DC /* Project object */;
}
